
Microsoft Visual Studio Solution File, Format Version 12.00
# Visual Studio Version 17
VisualStudioVersion = 17.4.33103.184
MinimumVisualStudioVersion = 10.0.40219.1
Project("{FAE04EC0-301F-11D3-BF4B-00C04F79EFBC}") = "PripremaIspit-KlasaX", "PripremaIspit-KlasaX\PripremaIspit-KlasaX.csproj", "{DD4BC945-D09F-4616-97FA-5644262D19C4}"
EndProject
Global
	GlobalSection(SolutionConfigurationPlatforms) = preSolution
		Debug|Any CPU = Debug|Any CPU
		Release|Any CPU = Release|Any CPU
	EndGlobalSection
	GlobalSection(ProjectConfigurationPlatforms) = postSolution
		{DD4BC945-D09F-4616-97FA-5644262D19C4}.Debug|Any CPU.ActiveCfg = Debug|Any CPU
		{DD4BC945-D09F-4616-97FA-5644262D19C4}.Debug|Any CPU.Build.0 = Debug|Any CPU
		{DD4BC945-D09F-4616-97FA-5644262D19C4}.Release|Any CPU.ActiveCfg = Release|Any CPU
		{DD4BC945-D09F-4616-97FA-5644262D19C4}.Release|Any CPU.Build.0 = Release|Any CPU
	EndGlobalSection
	GlobalSection(SolutionProperties) = preSolution
		HideSolutionNode = FALSE
	EndGlobalSection
	GlobalSection(ExtensibilityGlobals) = postSolution
		SolutionGuid = {29D3479F-534B-49D6-99CB-DA9014687D04}
	EndGlobalSection
EndGlobal
