
Microsoft Visual Studio Solution File, Format Version 12.00
# Visual Studio Version 17
VisualStudioVersion = 17.4.33103.184
MinimumVisualStudioVersion = 10.0.40219.1
Project("{FAE04EC0-301F-11D3-BF4B-00C04F79EFBC}") = "PripremaIspit-Neboder", "PripremaIspit-Neboder\PripremaIspit-Neboder.csproj", "{D89966D5-C741-41B1-A839-7CBAC5C94426}"
EndProject
Global
	GlobalSection(SolutionConfigurationPlatforms) = preSolution
		Debug|Any CPU = Debug|Any CPU
		Release|Any CPU = Release|Any CPU
	EndGlobalSection
	GlobalSection(ProjectConfigurationPlatforms) = postSolution
		{D89966D5-C741-41B1-A839-7CBAC5C94426}.Debug|Any CPU.ActiveCfg = Debug|Any CPU
		{D89966D5-C741-41B1-A839-7CBAC5C94426}.Debug|Any CPU.Build.0 = Debug|Any CPU
		{D89966D5-C741-41B1-A839-7CBAC5C94426}.Release|Any CPU.ActiveCfg = Release|Any CPU
		{D89966D5-C741-41B1-A839-7CBAC5C94426}.Release|Any CPU.Build.0 = Release|Any CPU
	EndGlobalSection
	GlobalSection(SolutionProperties) = preSolution
		HideSolutionNode = FALSE
	EndGlobalSection
	GlobalSection(ExtensibilityGlobals) = postSolution
		SolutionGuid = {EEA41B91-39D6-4E23-84B0-6F24CCEEA068}
	EndGlobalSection
EndGlobal
